{
    "_meta": {
        "hash": {
            "sha256": "1067b52ea3503a3755d2fec6c98fe6999083bb198fa6df23b398f7b24f9715cb"
        },
        "pipfile-spec": 6,
        "requires": {
            "python_version": "3.7"
        },
        "sources": [
            {
                "name": "pypi",
                "url": "https://pypi.org/simple",
                "verify_ssl": true
            }
        ]
    },
    "default": {
        "arrow": {
            "hashes": [
                "sha256:03404b624e89ac5e4fc19c52045fa0f3203419fd4dd64f6e8958c522580a574a",
                "sha256:41be7ea4c53c2cf57bf30f2d614f60c411160133f7a0a8c49111c30fb7e725b5"
            ],
            "index": "pypi",
            "version": "==0.14.2"
        },
        "attrs": {
            "hashes": [
                "sha256:69c0dbf2ed392de1cb5ec704444b08a5ef81680a61cb899dc08127123af36a79",
                "sha256:f0b870f674851ecbfbbbd364d6b5cbdff9dcedbc7f3f5e18a6891057f21fe399"
            ],
            "version": "==19.1.0"
        },
        "cachetools": {
            "hashes": [
                "sha256:428266a1c0d36dc5aca63a2d7c5942e88c2c898d72139fca0e97fdd2380517ae",
                "sha256:8ea2d3ce97850f31e4a08b0e2b5e6c34997d7216a9d2c98e0f3978630d4da69a"
            ],
            "version": "==3.1.1"
        },
        "certifi": {
            "hashes": [
                "sha256:046832c04d4e752f37383b628bc601a7ea7211496b4638f6514d0e5b9acc4939",
                "sha256:945e3ba63a0b9f577b1395204e13c3a231f9bc0223888be653286534e5873695"
            ],
            "version": "==2019.6.16"
        },
        "chardet": {
            "hashes": [
                "sha256:84ab92ed1c4d4f16916e05906b6b75a6c0fb5db821cc65e70cbd64a3e2a5eaae",
                "sha256:fc323ffcaeaed0e0a02bf4d117757b98aed530d9ed4531e3e15460124c106691"
            ],
            "version": "==3.0.4"
        },
        "click": {
            "hashes": [
                "sha256:2335065e6395b9e67ca716de5f7526736bfa6ceead690adf616d925bdc622b13",
                "sha256:5b94b49521f6456670fdb30cd82a4eca9412788a93fa6dd6df72c94d5a8ff2d7"
            ],
            "version": "==7.0"
        },
        "coverage": {
            "hashes": [
                "sha256:3684fabf6b87a369017756b551cef29e505cb155ddb892a7a29277b978da88b9",
                "sha256:39e088da9b284f1bd17c750ac672103779f7954ce6125fd4382134ac8d152d74",
                "sha256:3c205bc11cc4fcc57b761c2da73b9b72a59f8d5ca89979afb0c1c6f9e53c7390",
                "sha256:465ce53a8c0f3a7950dfb836438442f833cf6663d407f37d8c52fe7b6e56d7e8",
                "sha256:48020e343fc40f72a442c8a1334284620f81295256a6b6ca6d8aa1350c763bbe",
                "sha256:5296fc86ab612ec12394565c500b412a43b328b3907c0d14358950d06fd83baf",
                "sha256:5f61bed2f7d9b6a9ab935150a6b23d7f84b8055524e7be7715b6513f3328138e",
                "sha256:68a43a9f9f83693ce0414d17e019daee7ab3f7113a70c79a3dd4c2f704e4d741",
                "sha256:6b8033d47fe22506856fe450470ccb1d8ba1ffb8463494a15cfc96392a288c09",
                "sha256:7ad7536066b28863e5835e8cfeaa794b7fe352d99a8cded9f43d1161be8e9fbd",
                "sha256:7bacb89ccf4bedb30b277e96e4cc68cd1369ca6841bde7b005191b54d3dd1034",
                "sha256:839dc7c36501254e14331bcb98b27002aa415e4af7ea039d9009409b9d2d5420",
                "sha256:8f9a95b66969cdea53ec992ecea5406c5bd99c9221f539bca1e8406b200ae98c",
                "sha256:932c03d2d565f75961ba1d3cec41ddde00e162c5b46d03f7423edcb807734eab",
                "sha256:988529edadc49039d205e0aa6ce049c5ccda4acb2d6c3c5c550c17e8c02c05ba",
                "sha256:998d7e73548fe395eeb294495a04d38942edb66d1fa61eb70418871bc621227e",
                "sha256:9de60893fb447d1e797f6bf08fdf0dbcda0c1e34c1b06c92bd3a363c0ea8c609",
                "sha256:9e80d45d0c7fcee54e22771db7f1b0b126fb4a6c0a2e5afa72f66827207ff2f2",
                "sha256:a545a3dfe5082dc8e8c3eb7f8a2cf4f2870902ff1860bd99b6198cfd1f9d1f49",
                "sha256:a5d8f29e5ec661143621a8f4de51adfb300d7a476224156a39a392254f70687b",
                "sha256:aca06bfba4759bbdb09bf52ebb15ae20268ee1f6747417837926fae990ebc41d",
                "sha256:bb23b7a6fd666e551a3094ab896a57809e010059540ad20acbeec03a154224ce",
                "sha256:bfd1d0ae7e292105f29d7deaa9d8f2916ed8553ab9d5f39ec65bcf5deadff3f9",
                "sha256:c62ca0a38958f541a73cf86acdab020c2091631c137bd359c4f5bddde7b75fd4",
                "sha256:c709d8bda72cf4cd348ccec2a4881f2c5848fd72903c185f363d361b2737f773",
                "sha256:c968a6aa7e0b56ecbd28531ddf439c2ec103610d3e2bf3b75b813304f8cb7723",
                "sha256:df785d8cb80539d0b55fd47183264b7002077859028dfe3070cf6359bf8b2d9c",
                "sha256:f406628ca51e0ae90ae76ea8398677a921b36f0bd71aab2099dfed08abd0322f",
                "sha256:f46087bbd95ebae244a0eda01a618aff11ec7a069b15a3ef8f6b520db523dcf1",
                "sha256:f8019c5279eb32360ca03e9fac40a12667715546eed5c5eb59eb381f2f501260",
                "sha256:fc5f4d209733750afd2714e9109816a29500718b32dd9a5db01c0cb3a019b96a"
            ],
            "index": "pypi",
            "version": "==4.5.3"
        },
        "dash": {
            "hashes": [
                "sha256:2d287101c71280d06cf4dbd102feef1889a9172d4b0065b7345d49ce230c1be5"
            ],
            "index": "pypi",
            "version": "==1.0.1"
        },
        "dash-core-components": {
            "hashes": [
                "sha256:265477e87f665cef611059446d5f8768eedbe7e077ce80750dde1f3715f64ba2"
            ],
            "version": "==1.0.0"
        },
        "dash-html-components": {
            "hashes": [
                "sha256:03e4509bfbf96c5b568a4e6c4a510225fed58568533734d5c59cca357e3ad475"
            ],
            "index": "pypi",
            "version": "==1.0.0"
        },
        "dash-renderer": {
            "hashes": [
                "sha256:e938514bc72b03358cee7f28a477fb4ef05dadf2a8d4d9cf22b95cfe3b78b9d5"
            ],
            "version": "==1.0.0"
        },
        "dash-table": {
            "hashes": [
                "sha256:bc10c372857e59caa3dc0a69a6a90cdeadd6f4dfcff7d6fd6228903d8cdc5831"
            ],
            "index": "pypi",
            "version": "==4.0.1"
        },
        "decorator": {
            "hashes": [
                "sha256:86156361c50488b84a3f148056ea716ca587df2f0de1d34750d35c21312725de",
                "sha256:f069f3a01830ca754ba5258fde2278454a0b5b79e0d7f5c13b3b97e57d4acff6"
            ],
            "version": "==4.4.0"
        },
        "django": {
            "hashes": [
                "sha256:4d23f61b26892bac785f07401bc38cbf8fa4cec993f400e9cd9ddf28fd51c0ea",
                "sha256:6e974d4b57e3b29e4882b244d40171d6a75202ab8d2402b8e8adbd182e25cf0c"
            ],
            "index": "pypi",
            "version": "==2.2.3"
        },
        "django-autocomplete-light": {
            "hashes": [
                "sha256:69a34f97a5b8ab3aac6baaea36f627ef09eaa5791c60f881b2000b1b813268d0"
            ],
            "index": "pypi",
            "version": "==3.3.5"
        },
        "django-crispy-forms": {
            "hashes": [
                "sha256:5952bab971110d0b86c278132dae0aa095beee8f723e625c3d3fa28888f1675f",
                "sha256:705ededc554ad8736157c666681165fe22ead2dec0d5446d65fc9dd976a5a876"
            ],
            "index": "pypi",
            "version": "==1.7.2"
        },
        "django-debug-toolbar": {
            "hashes": [
                "sha256:17c53cd6bf4e7d69902aedf9a1d26c5d3b7369b54c5718744704f27b5a72f35d",
                "sha256:9a23ada2e43cd989195db3c18710b5d7451134a0d48127ab64c1d2ad81700342"
            ],
            "index": "pypi",
            "version": "==2.0"
        },
        "django-storages": {
            "extras": [
                "google"
            ],
            "hashes": [
                "sha256:8e35d2c7baeda5dc6f0b4f9a0fc142d25f9a1bf72b8cebfcbc5db4863abc552d",
                "sha256:b1a63cd5ea286ee5a9fb45de6c3c5c0ae132d58308d06f1ce9865cfcd5e470a7"
            ],
            "index": "pypi",
            "version": "==1.7.1"
        },
        "django-widget-tweaks": {
            "hashes": [
                "sha256:65c960f3d75008a285e4b10f4d21f9eae4160fd77a0f6097ad545185f8648bd6",
                "sha256:f2e2c9c9be1ccc59061e248dcc2144f4906d594abe1a563902f4bdf6aa14e432"
            ],
            "index": "pypi",
            "version": "==1.4.5"
        },
        "djangorestframework": {
            "hashes": [
                "sha256:376f4b50340a46c15ae15ddd0c853085f4e66058f97e4dbe7d43ed62f5e60651",
                "sha256:c12869cfd83c33d579b17b3cb28a2ae7322a53c3ce85580c2a2ebe4e3f56c4fb"
            ],
            "index": "pypi",
            "version": "==3.9.4"
        },
        "flask": {
            "hashes": [
                "sha256:13f9f196f330c7c2c5d7a5cf91af894110ca0215ac051b5844701f2bfd934d52",
                "sha256:45eb5a6fd193d6cf7e0cf5d8a5b31f83d5faae0293695626f539a823e93b13f6"
            ],
            "version": "==1.1.1"
        },
        "flask-compress": {
            "hashes": [
                "sha256:468693f4ddd11ac6a41bca4eb5f94b071b763256d54136f77957cfee635badb3"
            ],
            "version": "==1.4.0"
        },
        "google-api-core": {
            "hashes": [
                "sha256:72a1c8966bdbd70a72de32760368aec399fe6a5c2a6675d9476cb9ae27046de7",
                "sha256:f45d74aef41e1de49ceadebf382e1291ddcbe431a8b533aff8a1140a35531465"
            ],
            "version": "==1.13.0"
        },
        "google-auth": {
            "hashes": [
                "sha256:0f7c6a64927d34c1a474da92cfc59e552a5d3b940d3266606c6a28b72888b9e4",
                "sha256:20705f6803fd2c4d1cc2dcb0df09d4dfcb9a7d51fd59e94a3a28231fd93119ed"
            ],
            "index": "pypi",
            "version": "==1.6.3"
        },
        "google-cloud-core": {
            "hashes": [
                "sha256:7b61a06de4d63780bcf7889cb17f00f5058fdd211ad86c74367408eea37d9f00",
                "sha256:8f86399d8399448ccac5890239e6234f120dd619d22c41115ff548a851ec2be2"
            ],
            "version": "==1.0.2"
        },
        "google-cloud-storage": {
            "hashes": [
                "sha256:10b8a708d71b45589e06d0dc2bcc614e1d1c921902df8d22e374af1fb346ab68",
                "sha256:4a2a0e2486b1977a4f3e382ed0be118933ecb6a92dc6b2c3d0b56ef8d76ac7a9"
            ],
            "index": "pypi",
            "version": "==1.16.1"
        },
        "google-resumable-media": {
            "hashes": [
                "sha256:2dae98ee716efe799db3578a7b902fbf5592fc5c77d3c0906fc4ef9b1b930861",
                "sha256:3e38923493ca0d7de0ad91c31acfefc393c78586db89364e91cb4f11990e51ba"
            ],
            "version": "==0.3.2"
        },
        "googleapis-common-protos": {
            "hashes": [
                "sha256:e61b8ed5e36b976b487c6e7b15f31bb10c7a0ca7bd5c0e837f4afab64b53a0c6"
            ],
            "version": "==1.6.0"
        },
        "idna": {
            "hashes": [
                "sha256:c357b3f628cf53ae2c4c05627ecc484553142ca23264e593d327bcde5e9c3407",
                "sha256:ea8b7f6188e6fa117537c3df7da9fc686d485087abf6ac197f9c46432f7e4a3c"
            ],
            "version": "==2.8"
        },
        "ipython-genutils": {
            "hashes": [
                "sha256:72dd37233799e619666c9f639a9da83c34013a73e8bbc79a7a6348d93c61fab8",
                "sha256:eb2e116e75ecef9d4d228fdc66af54269afa26ab4463042e33785b887c628ba8"
            ],
            "version": "==0.2.0"
        },
        "itsdangerous": {
            "hashes": [
                "sha256:321b033d07f2a4136d3ec762eac9f16a10ccd60f53c0c91af90217ace7ba1f19",
                "sha256:b12271b2047cb23eeb98c8b5622e2e5c5e9abd9784a153e9d8ef9cb4dd09d749"
            ],
            "version": "==1.1.0"
        },
        "jinja2": {
            "hashes": [
                "sha256:065c4f02ebe7f7cf559e49ee5a95fb800a9e4528727aec6f24402a5374c65013",
                "sha256:14dd6caf1527abb21f08f86c784eac40853ba93edb79552aa1e4b8aef1b61c7b"
            ],
            "version": "==2.10.1"
        },
        "jsonschema": {
            "hashes": [
                "sha256:0c0a81564f181de3212efa2d17de1910f8732fa1b71c42266d983cd74304e20d",
                "sha256:a5f6559964a3851f59040d3b961de5e68e70971afb88ba519d27e6a039efff1a"
            ],
            "version": "==3.0.1"
        },
        "jupyter-core": {
            "hashes": [
                "sha256:2c6e7c1e9f2ac45b5c2ceea5730bc9008d92fe59d0725eac57b04c0edfba24f7",
                "sha256:f4fa22d6cf25f34807c995f22d2923693575c70f02557bcbfbe59bd5ec8d8b84"
            ],
            "version": "==4.5.0"
        },
        "markupsafe": {
            "hashes": [
                "sha256:00bc623926325b26bb9605ae9eae8a215691f33cae5df11ca5424f06f2d1f473",
                "sha256:09027a7803a62ca78792ad89403b1b7a73a01c8cb65909cd876f7fcebd79b161",
                "sha256:09c4b7f37d6c648cb13f9230d847adf22f8171b1ccc4d5682398e77f40309235",
                "sha256:1027c282dad077d0bae18be6794e6b6b8c91d58ed8a8d89a89d59693b9131db5",
                "sha256:24982cc2533820871eba85ba648cd53d8623687ff11cbb805be4ff7b4c971aff",
                "sha256:29872e92839765e546828bb7754a68c418d927cd064fd4708fab9fe9c8bb116b",
                "sha256:43a55c2930bbc139570ac2452adf3d70cdbb3cfe5912c71cdce1c2c6bbd9c5d1",
                "sha256:46c99d2de99945ec5cb54f23c8cd5689f6d7177305ebff350a58ce5f8de1669e",
                "sha256:500d4957e52ddc3351cabf489e79c91c17f6e0899158447047588650b5e69183",
                "sha256:535f6fc4d397c1563d08b88e485c3496cf5784e927af890fb3c3aac7f933ec66",
                "sha256:62fe6c95e3ec8a7fad637b7f3d372c15ec1caa01ab47926cfdf7a75b40e0eac1",
                "sha256:6dd73240d2af64df90aa7c4e7481e23825ea70af4b4922f8ede5b9e35f78a3b1",
                "sha256:717ba8fe3ae9cc0006d7c451f0bb265ee07739daf76355d06366154ee68d221e",
                "sha256:79855e1c5b8da654cf486b830bd42c06e8780cea587384cf6545b7d9ac013a0b",
                "sha256:7c1699dfe0cf8ff607dbdcc1e9b9af1755371f92a68f706051cc8c37d447c905",
                "sha256:88e5fcfb52ee7b911e8bb6d6aa2fd21fbecc674eadd44118a9cc3863f938e735",
                "sha256:8defac2f2ccd6805ebf65f5eeb132adcf2ab57aa11fdf4c0dd5169a004710e7d",
                "sha256:98c7086708b163d425c67c7a91bad6e466bb99d797aa64f965e9d25c12111a5e",
                "sha256:9add70b36c5666a2ed02b43b335fe19002ee5235efd4b8a89bfcf9005bebac0d",
                "sha256:9bf40443012702a1d2070043cb6291650a0841ece432556f784f004937f0f32c",
                "sha256:ade5e387d2ad0d7ebf59146cc00c8044acbd863725f887353a10df825fc8ae21",
                "sha256:b00c1de48212e4cc9603895652c5c410df699856a2853135b3967591e4beebc2",
                "sha256:b1282f8c00509d99fef04d8ba936b156d419be841854fe901d8ae224c59f0be5",
                "sha256:b2051432115498d3562c084a49bba65d97cf251f5a331c64a12ee7e04dacc51b",
                "sha256:ba59edeaa2fc6114428f1637ffff42da1e311e29382d81b339c1817d37ec93c6",
                "sha256:c8716a48d94b06bb3b2524c2b77e055fb313aeb4ea620c8dd03a105574ba704f",
                "sha256:cd5df75523866410809ca100dc9681e301e3c27567cf498077e8551b6d20e42f",
                "sha256:e249096428b3ae81b08327a63a485ad0878de3fb939049038579ac0ef61e17e7"
            ],
            "version": "==1.1.1"
        },
        "nbformat": {
            "hashes": [
                "sha256:b9a0dbdbd45bb034f4f8893cafd6f652ea08c8c1674ba83f2dc55d3955743b0b",
                "sha256:f7494ef0df60766b7cabe0a3651556345a963b74dbc16bc7c18479041170d402"
            ],
            "version": "==4.4.0"
        },
        "numpy": {
            "hashes": [
                "sha256:0778076e764e146d3078b17c24c4d89e0ecd4ac5401beff8e1c87879043a0633",
                "sha256:141c7102f20abe6cf0d54c4ced8d565b86df4d3077ba2343b61a6db996cefec7",
                "sha256:14270a1ee8917d11e7753fb54fc7ffd1934f4d529235beec0b275e2ccf00333b",
                "sha256:27e11c7a8ec9d5838bc59f809bfa86efc8a4fd02e58960fa9c49d998e14332d5",
                "sha256:2a04dda79606f3d2f760384c38ccd3d5b9bb79d4c8126b67aff5eb09a253763e",
                "sha256:3c26010c1b51e1224a3ca6b8df807de6e95128b0908c7e34f190e7775455b0ca",
                "sha256:52c40f1a4262c896420c6ea1c6fda62cf67070e3947e3307f5562bd783a90336",
                "sha256:6e4f8d9e8aa79321657079b9ac03f3cf3fd067bf31c1cca4f56d49543f4356a5",
                "sha256:7242be12a58fec245ee9734e625964b97cf7e3f2f7d016603f9e56660ce479c7",
                "sha256:7dc253b542bfd4b4eb88d9dbae4ca079e7bf2e2afd819ee18891a43db66c60c7",
                "sha256:94f5bd885f67bbb25c82d80184abbf7ce4f6c3c3a41fbaa4182f034bba803e69",
                "sha256:a89e188daa119ffa0d03ce5123dee3f8ffd5115c896c2a9d4f0dbb3d8b95bfa3",
                "sha256:ad3399da9b0ca36e2f24de72f67ab2854a62e623274607e37e0ce5f5d5fa9166",
                "sha256:b0348be89275fd1d4c44ffa39530c41a21062f52299b1e3ee7d1c61f060044b8",
                "sha256:b5554368e4ede1856121b0dfa35ce71768102e4aa55e526cb8de7f374ff78722",
                "sha256:cbddc56b2502d3f87fda4f98d948eb5b11f36ff3902e17cb6cc44727f2200525",
                "sha256:d79f18f41751725c56eceab2a886f021d70fd70a6188fd386e29a045945ffc10",
                "sha256:dc2ca26a19ab32dc475dbad9dfe723d3a64c835f4c23f625c2b6566ca32b9f29",
                "sha256:dd9bcd4f294eb0633bb33d1a74febdd2b9018b8b8ed325f861fffcd2c7660bb8",
                "sha256:e8baab1bc7c9152715844f1faca6744f2416929de10d7639ed49555a85549f52",
                "sha256:ec31fe12668af687b99acf1567399632a7c47b0e17cfb9ae47c098644ef36797",
                "sha256:f12b4f7e2d8f9da3141564e6737d79016fe5336cc92de6814eba579744f65b0a",
                "sha256:f58ac38d5ca045a377b3b377c84df8175ab992c970a53332fa8ac2373df44ff7"
            ],
            "index": "pypi",
            "version": "==1.16.4"
        },
        "plotly": {
            "hashes": [
                "sha256:5dcb33f5c9a00e1d68ac567340b58e90c07ba93767ad3e360dd6aa11cf568a98",
                "sha256:ab51c41f3212c5b50238abc1be070cdf79dea60a127216e7c2f1829d14113b49"
            ],
            "index": "pypi",
            "version": "==3.10.0"
        },
        "protobuf": {
            "hashes": [
                "sha256:03f43eac9d5b651f976e91cf46a25b75e5779d98f0f4114b0abfed83376d75f8",
                "sha256:0c94b21e6de01362f91a86b372555d22a60b59708599ca9d5032ae9fdf8e3538",
                "sha256:2d2a9f30f61f4063fadd7fb68a2510a6939b43c0d6ceeec5c4704f22225da28e",
                "sha256:34a0b05fca061e4abb77dd180209f68d8637115ff319f51e28a6a9382d69853a",
                "sha256:358710fd0db25372edcf1150fa691f48376a134a6c69ce29f38f185eea7699e6",
                "sha256:41e47198b94c27ba05a08b4a95160656105745c462af574e4bcb0807164065c0",
                "sha256:8c61cc8a76e9d381c665aecc5105fa0f1878cf7db8b5cd17202603bcb386d0fc",
                "sha256:a6eebc4db759e58fdac02efcd3028b811effac881d8a5bad1996e4e8ee6acb47",
                "sha256:a9c12f7c98093da0a46ba76ec40ace725daa1ac4038c41e4b1466afb5c45bb01",
                "sha256:cb95068492ba0859b8c9e61fa8ba206a83c64e5d0916fb4543700b2e2b214115",
                "sha256:cd98476ce7bb4dcd6a7b101f5eecdc073dafea19f311e36eb8fba1a349346277",
                "sha256:ce64cfbea18c535176bdaa10ba740c0fc4c6d998a3f511c17bedb0ae4b3b167c",
                "sha256:dcbb59eac73fd454e8f2c5fba9e3d3320fd4707ed6a9d3ea3717924a6f0903ea",
                "sha256:dd67f34458ae716029e2a71ede998e9092493b62a519236ca52e3c5202096c87",
                "sha256:e3c96056eb5b7284a20e256cb0bf783c8f36ad82a4ae5434a7b7cd02384144a7",
                "sha256:f612d584d7a27e2f39e7b17878430a959c1bc09a74ba09db096b468558e5e126",
                "sha256:f6de8a7d6122297b81566e5bd4df37fd5d62bec14f8f90ebff8ede1c9726cd0a",
                "sha256:fa529d9261682b24c2aaa683667253175c9acebe0a31105394b221090da75832"
            ],
            "version": "==3.8.0"
        },
        "psycopg2": {
            "hashes": [
                "sha256:128d0fa910ada0157bba1cb74a9c5f92bb8a1dca77cf91a31eb274d1f889e001",
                "sha256:227fd46cf9b7255f07687e5bde454d7d67ae39ca77e170097cdef8ebfc30c323",
                "sha256:2315e7f104681d498ccf6fd70b0dba5bce65d60ac92171492bfe228e21dcc242",
                "sha256:4b5417dcd2999db0f5a891d54717cfaee33acc64f4772c4bc574d4ff95ed9d80",
                "sha256:640113ddc943522aaf71294e3f2d24013b0edd659b7820621492c9ebd3a2fb0b",
                "sha256:897a6e838319b4bf648a574afb6cabcb17d0488f8c7195100d48d872419f4457",
                "sha256:8dceca81409898c870e011c71179454962dec152a1a6b86a347f4be74b16d864",
                "sha256:b1b8e41da09a0c3ef0b3d4bb72da0dde2abebe583c1e8462973233fd5ad0235f",
                "sha256:cb407fccc12fc29dc331f2b934913405fa49b9b75af4f3a72d0f50f57ad2ca23",
                "sha256:d3a27550a8185e53b244ad7e79e307594b92fede8617d80200a8cce1fba2c60f",
                "sha256:f0e6b697a975d9d3ccd04135316c947dd82d841067c7800ccf622a8717e98df1"
            ],
            "index": "pypi",
            "version": "==2.8.3"
        },
        "pyasn1": {
            "hashes": [
                "sha256:da2420fe13a9452d8ae97a0e478adde1dee153b11ba832a95b223a2ba01c10f7",
                "sha256:da6b43a8c9ae93bc80e2739efb38cc776ba74a886e3e9318d65fe81a8b8a2c6e"
            ],
            "version": "==0.4.5"
        },
        "pyasn1-modules": {
            "hashes": [
                "sha256:ef721f68f7951fab9b0404d42590f479e30d9005daccb1699b0a51bb4177db96",
                "sha256:f309b6c94724aeaf7ca583feb1cc70430e10d7551de5e36edfc1ae6909bcfb3c"
            ],
            "version": "==0.2.5"
        },
        "pyrsistent": {
            "hashes": [
                "sha256:50cffebc87ca91b9d4be2dcc2e479272bcb466b5a0487b6c271f7ddea6917e14"
            ],
            "version": "==0.15.3"
        },
        "python-dateutil": {
            "hashes": [
                "sha256:7e6584c74aeed623791615e26efd690f29817a27c73085b78e4bad02493df2fb",
                "sha256:c89805f6f4d64db21ed966fda138f8a5ed7a4fdbc1a8ee329ce1b74e3c74da9e"
            ],
            "version": "==2.8.0"
        },
        "pytz": {
            "hashes": [
                "sha256:303879e36b721603cc54604edcac9d20401bdbe31e1e4fdee5b9f98d5d31dfda",
                "sha256:d747dd3d23d77ef44c6a3526e274af6efeb0a6f1afd5a69ba4d5be4098c8e141"
            ],
            "version": "==2019.1"
        },
        "pyyaml": {
            "hashes": [
                "sha256:57acc1d8533cbe51f6662a55434f0dbecfa2b9eaf115bede8f6fd00115a0c0d3",
                "sha256:588c94b3d16b76cfed8e0be54932e5729cc185caffaa5a451e7ad2f7ed8b4043",
                "sha256:68c8dd247f29f9a0d09375c9c6b8fdc64b60810ebf07ba4cdd64ceee3a58c7b7",
                "sha256:70d9818f1c9cd5c48bb87804f2efc8692f1023dac7f1a1a5c61d454043c1d265",
                "sha256:86a93cccd50f8c125286e637328ff4eef108400dd7089b46a7be3445eecfa391",
                "sha256:a0f329125a926876f647c9fa0ef32801587a12328b4a3c741270464e3e4fa778",
                "sha256:a3c252ab0fa1bb0d5a3f6449a4826732f3eb6c0270925548cac342bc9b22c225",
                "sha256:b4bb4d3f5e232425e25dda21c070ce05168a786ac9eda43768ab7f3ac2770955",
                "sha256:cd0618c5ba5bda5f4039b9398bb7fb6a317bb8298218c3de25c47c4740e4b95e",
                "sha256:ceacb9e5f8474dcf45b940578591c7f3d960e82f926c707788a570b51ba59190",
                "sha256:fe6a88094b64132c4bb3b631412e90032e8cfe9745a58370462240b8cb7553cd"
            ],
            "version": "==5.1.1"
        },
        "requests": {
            "hashes": [
                "sha256:11e007a8a2aa0323f5a921e9e6a2d7e4e67d9877e85773fba9ba6419025cbeb4",
                "sha256:9cf5292fcd0f598c671cfc1e0d7d1a7f13bb8085e9a590f48c010551dc6c4b31"
            ],
            "version": "==2.22.0"
        },
        "retrying": {
            "hashes": [
                "sha256:08c039560a6da2fe4f2c426d0766e284d3b736e355f8dd24b37367b0bb41973b"
            ],
            "version": "==1.3.3"
        },
        "rsa": {
            "hashes": [
                "sha256:14ba45700ff1ec9eeb206a2ce76b32814958a98e372006c8fb76ba820211be66",
                "sha256:1a836406405730121ae9823e19c6e806c62bbad73f890574fff50efa4122c487"
            ],
            "version": "==4.0"
        },
        "six": {
            "hashes": [
                "sha256:3350809f0555b11f552448330d0b52d5f24c91a322ea4a15ef22629740f3761c",
                "sha256:d16a0141ec1a18405cd4ce8b4613101da75da0e9a7aec5bdd4fa804d0e0eba73"
            ],
            "version": "==1.12.0"
        },
        "sqlparse": {
            "hashes": [
                "sha256:40afe6b8d4b1117e7dff5504d7a8ce07d9a1b15aeeade8a2d10f130a834f8177",
                "sha256:7c3dca29c022744e95b547e867cee89f4fce4373f3549ccd8797d8eb52cdb873"
            ],
            "version": "==0.3.0"
        },
        "traitlets": {
            "hashes": [
                "sha256:9c4bd2d267b7153df9152698efb1050a5d84982d3384a37b2c1f7723ba3e7835",
                "sha256:c6cb5e6f57c5a9bdaa40fa71ce7b4af30298fbab9ece9815b5d995ab6217c7d9"
            ],
            "version": "==4.3.2"
        },
        "urllib3": {
            "hashes": [
                "sha256:b246607a25ac80bedac05c6f282e3cdaf3afb65420fd024ac94435cabe6e18d1",
                "sha256:dbe59173209418ae49d485b87d1681aefa36252ee85884c31346debd19463232"
            ],
            "version": "==1.25.3"
        },
        "werkzeug": {
            "hashes": [
                "sha256:865856ebb55c4dcd0630cdd8f3331a1847a819dda7e8c750d3db6f2aa6c0209c",
                "sha256:a0b915f0815982fb2a09161cb8f31708052d0951c3ba433ccc5e1aa276507ca6"
            ],
            "version": "==0.15.4"
        },
        "wheel": {
            "hashes": [
                "sha256:5e79117472686ac0c4aef5bad5172ea73a1c2d1646b808c35926bd26bdfb0c08",
                "sha256:62fcfa03d45b5b722539ccbc07b190e4bfff4bb9e3a4d470dd9f6a0981002565"
            ],
            "index": "pypi",
            "version": "==0.33.4"
        }
    },
    "develop": {}
}
