{
    "_meta": {
        "hash": {
            "sha256": "83bd27f70f9a18910a38ce149524f70f69877013926c80318ca7f09bf9794467"
        },
        "pipfile-spec": 6,
        "requires": {
            "python_version": "3.7"
        },
        "sources": [
            {
                "name": "pypi",
                "url": "https://pypi.org/simple",
                "verify_ssl": true
            }
        ]
    },
    "default": {
        "arrow": {
            "hashes": [
                "sha256:03404b624e89ac5e4fc19c52045fa0f3203419fd4dd64f6e8958c522580a574a",
                "sha256:41be7ea4c53c2cf57bf30f2d614f60c411160133f7a0a8c49111c30fb7e725b5"
            ],
            "index": "pypi",
            "version": "==0.14.2"
        },
        "attrs": {
            "hashes": [
                "sha256:69c0dbf2ed392de1cb5ec704444b08a5ef81680a61cb899dc08127123af36a79",
                "sha256:f0b870f674851ecbfbbbd364d6b5cbdff9dcedbc7f3f5e18a6891057f21fe399"
            ],
            "version": "==19.1.0"
        },
        "cachetools": {
            "hashes": [
                "sha256:428266a1c0d36dc5aca63a2d7c5942e88c2c898d72139fca0e97fdd2380517ae",
                "sha256:8ea2d3ce97850f31e4a08b0e2b5e6c34997d7216a9d2c98e0f3978630d4da69a"
            ],
            "version": "==3.1.1"
        },
        "certifi": {
            "hashes": [
                "sha256:59b7658e26ca9c7339e00f8f4636cdfe59d34fa37b9b04f6f9e9926b3cece1a5",
                "sha256:b26104d6835d1f5e49452a26eb2ff87fe7090b89dfcaee5ea2212697e1e1d7ae"
            ],
            "version": "==2019.3.9"
        },
        "chardet": {
            "hashes": [
                "sha256:84ab92ed1c4d4f16916e05906b6b75a6c0fb5db821cc65e70cbd64a3e2a5eaae",
                "sha256:fc323ffcaeaed0e0a02bf4d117757b98aed530d9ed4531e3e15460124c106691"
            ],
            "version": "==3.0.4"
        },
        "click": {
            "hashes": [
                "sha256:2335065e6395b9e67ca716de5f7526736bfa6ceead690adf616d925bdc622b13",
                "sha256:5b94b49521f6456670fdb30cd82a4eca9412788a93fa6dd6df72c94d5a8ff2d7"
            ],
            "version": "==7.0"
        },
        "dash": {
            "hashes": [
                "sha256:8707d77f8d9c43c83e32a5ecbe16cf42e0ba19b99e9eb7dd491f82afb93ae577"
            ],
            "index": "pypi",
            "version": "==0.43.0"
        },
        "dash-core-components": {
            "hashes": [
                "sha256:5e145d07e59b7562dc96e53d70ff9f846ca8793857bc5e6f305cd991e2a633cb"
            ],
            "version": "==0.48.0"
        },
        "dash-html-components": {
            "hashes": [
                "sha256:7767147eda48560649701d13bfa4c38e9c1f406368625b304cc3d401703a43eb"
            ],
            "index": "pypi",
            "version": "==0.16.0"
        },
        "dash-renderer": {
            "hashes": [
                "sha256:5604bf3c2fe9509bc336188d64ceb907ca0054734f9f810b64948dc4a4ce5d9b"
            ],
            "version": "==0.24.0"
        },
        "dash-table": {
            "hashes": [
                "sha256:8b45b5c4227667de8de075f0fdc9ad2ead8d47e40d91c1e10262fc22c403ef72"
            ],
            "index": "pypi",
            "version": "==3.7.0"
        },
        "decorator": {
            "hashes": [
                "sha256:86156361c50488b84a3f148056ea716ca587df2f0de1d34750d35c21312725de",
                "sha256:f069f3a01830ca754ba5258fde2278454a0b5b79e0d7f5c13b3b97e57d4acff6"
            ],
            "version": "==4.4.0"
        },
        "django": {
            "hashes": [
                "sha256:753d30d3eb078064d2ddadfea65083c9848074a7f93d7b4dc7fa6b1380d278f5",
                "sha256:7cb67e8b934fab23b6daed7144da52e8a25a47eba7f360ca43d2b448506b01ad"
            ],
            "index": "pypi",
            "version": "==2.2.2"
        },
        "django-autocomplete-light": {
            "hashes": [
                "sha256:69a34f97a5b8ab3aac6baaea36f627ef09eaa5791c60f881b2000b1b813268d0"
            ],
            "index": "pypi",
            "version": "==3.3.5"
        },
        "django-crispy-forms": {
            "hashes": [
                "sha256:5952bab971110d0b86c278132dae0aa095beee8f723e625c3d3fa28888f1675f",
                "sha256:705ededc554ad8736157c666681165fe22ead2dec0d5446d65fc9dd976a5a876"
            ],
            "index": "pypi",
            "version": "==1.7.2"
        },
        "django-debug-toolbar": {
            "hashes": [
                "sha256:89d75b60c65db363fb24688d977e5fbf0e73386c67acf562d278402a10fc3736",
                "sha256:c2b0134119a624f4ac9398b44f8e28a01c7686ac350a12a74793f3dd57a9eea0"
            ],
            "index": "pypi",
            "version": "==1.11"
        },
        "django-storages": {
            "extras": [
                "google"
            ],
            "hashes": [
                "sha256:8e35d2c7baeda5dc6f0b4f9a0fc142d25f9a1bf72b8cebfcbc5db4863abc552d",
                "sha256:b1a63cd5ea286ee5a9fb45de6c3c5c0ae132d58308d06f1ce9865cfcd5e470a7"
            ],
            "index": "pypi",
            "version": "==1.7.1"
        },
        "django-widget-tweaks": {
            "hashes": [
                "sha256:a69cba6c8a6b98f0cf6eef0535f8212d635e19044ee4533d4d78df700c2e233f",
                "sha256:bc645ef88307bc4ac269ee8ee9e572be814cd4a125c2bb6edb59ffcdc194982d"
            ],
            "index": "pypi",
            "version": "==1.4.3"
        },
        "djangorestframework": {
            "hashes": [
                "sha256:376f4b50340a46c15ae15ddd0c853085f4e66058f97e4dbe7d43ed62f5e60651",
                "sha256:c12869cfd83c33d579b17b3cb28a2ae7322a53c3ce85580c2a2ebe4e3f56c4fb"
            ],
            "index": "pypi",
            "version": "==3.9.4"
        },
        "flask": {
            "hashes": [
                "sha256:ad7c6d841e64296b962296c2c2dabc6543752985727af86a975072dea984b6f3",
                "sha256:e7d32475d1de5facaa55e3958bc4ec66d3762076b074296aa50ef8fdc5b9df61"
            ],
            "version": "==1.0.3"
        },
        "flask-compress": {
            "hashes": [
                "sha256:468693f4ddd11ac6a41bca4eb5f94b071b763256d54136f77957cfee635badb3"
            ],
            "version": "==1.4.0"
        },
        "google-api-core": {
            "hashes": [
                "sha256:18d58e87ce51046ad76961ba320903657182622e3e368e502381b11f63015c66",
                "sha256:a1312fb2555516cfb55908e5d28762838315c21f7ce43d243ab3d11f215e2238"
            ],
            "version": "==1.11.1"
        },
        "google-auth": {
            "hashes": [
                "sha256:0f7c6a64927d34c1a474da92cfc59e552a5d3b940d3266606c6a28b72888b9e4",
                "sha256:20705f6803fd2c4d1cc2dcb0df09d4dfcb9a7d51fd59e94a3a28231fd93119ed"
            ],
            "index": "pypi",
            "version": "==1.6.3"
        },
        "google-cloud-core": {
            "hashes": [
                "sha256:56a2c8c6420776ff5f4e590e3708e4b6e80cd417c7591e9a0f52b1961523aad9",
                "sha256:9653ebd9724d2f2b2571b015731444056e00be5374863e17176925fd48a56378"
            ],
            "version": "==1.0.1"
        },
        "google-cloud-storage": {
            "hashes": [
                "sha256:10b8a708d71b45589e06d0dc2bcc614e1d1c921902df8d22e374af1fb346ab68",
                "sha256:4a2a0e2486b1977a4f3e382ed0be118933ecb6a92dc6b2c3d0b56ef8d76ac7a9"
            ],
            "index": "pypi",
            "version": "==1.16.1"
        },
        "google-resumable-media": {
            "hashes": [
                "sha256:2dae98ee716efe799db3578a7b902fbf5592fc5c77d3c0906fc4ef9b1b930861",
                "sha256:3e38923493ca0d7de0ad91c31acfefc393c78586db89364e91cb4f11990e51ba"
            ],
            "version": "==0.3.2"
        },
        "googleapis-common-protos": {
            "hashes": [
                "sha256:e61b8ed5e36b976b487c6e7b15f31bb10c7a0ca7bd5c0e837f4afab64b53a0c6"
            ],
            "version": "==1.6.0"
        },
        "idna": {
            "hashes": [
                "sha256:c357b3f628cf53ae2c4c05627ecc484553142ca23264e593d327bcde5e9c3407",
                "sha256:ea8b7f6188e6fa117537c3df7da9fc686d485087abf6ac197f9c46432f7e4a3c"
            ],
            "version": "==2.8"
        },
        "ipython-genutils": {
            "hashes": [
                "sha256:72dd37233799e619666c9f639a9da83c34013a73e8bbc79a7a6348d93c61fab8",
                "sha256:eb2e116e75ecef9d4d228fdc66af54269afa26ab4463042e33785b887c628ba8"
            ],
            "version": "==0.2.0"
        },
        "itsdangerous": {
            "hashes": [
                "sha256:321b033d07f2a4136d3ec762eac9f16a10ccd60f53c0c91af90217ace7ba1f19",
                "sha256:b12271b2047cb23eeb98c8b5622e2e5c5e9abd9784a153e9d8ef9cb4dd09d749"
            ],
            "version": "==1.1.0"
        },
        "jinja2": {
            "hashes": [
                "sha256:065c4f02ebe7f7cf559e49ee5a95fb800a9e4528727aec6f24402a5374c65013",
                "sha256:14dd6caf1527abb21f08f86c784eac40853ba93edb79552aa1e4b8aef1b61c7b"
            ],
            "version": "==2.10.1"
        },
        "jsonschema": {
            "hashes": [
                "sha256:0c0a81564f181de3212efa2d17de1910f8732fa1b71c42266d983cd74304e20d",
                "sha256:a5f6559964a3851f59040d3b961de5e68e70971afb88ba519d27e6a039efff1a"
            ],
            "version": "==3.0.1"
        },
        "jupyter-core": {
            "hashes": [
                "sha256:927d713ffa616ea11972534411544589976b2493fc7e09ad946e010aa7eb9970",
                "sha256:ba70754aa680300306c699790128f6fbd8c306ee5927976cbe48adacf240c0b7"
            ],
            "version": "==4.4.0"
        },
        "markupsafe": {
            "hashes": [
                "sha256:00bc623926325b26bb9605ae9eae8a215691f33cae5df11ca5424f06f2d1f473",
                "sha256:09027a7803a62ca78792ad89403b1b7a73a01c8cb65909cd876f7fcebd79b161",
                "sha256:09c4b7f37d6c648cb13f9230d847adf22f8171b1ccc4d5682398e77f40309235",
                "sha256:1027c282dad077d0bae18be6794e6b6b8c91d58ed8a8d89a89d59693b9131db5",
                "sha256:24982cc2533820871eba85ba648cd53d8623687ff11cbb805be4ff7b4c971aff",
                "sha256:29872e92839765e546828bb7754a68c418d927cd064fd4708fab9fe9c8bb116b",
                "sha256:43a55c2930bbc139570ac2452adf3d70cdbb3cfe5912c71cdce1c2c6bbd9c5d1",
                "sha256:46c99d2de99945ec5cb54f23c8cd5689f6d7177305ebff350a58ce5f8de1669e",
                "sha256:500d4957e52ddc3351cabf489e79c91c17f6e0899158447047588650b5e69183",
                "sha256:535f6fc4d397c1563d08b88e485c3496cf5784e927af890fb3c3aac7f933ec66",
                "sha256:62fe6c95e3ec8a7fad637b7f3d372c15ec1caa01ab47926cfdf7a75b40e0eac1",
                "sha256:6dd73240d2af64df90aa7c4e7481e23825ea70af4b4922f8ede5b9e35f78a3b1",
                "sha256:717ba8fe3ae9cc0006d7c451f0bb265ee07739daf76355d06366154ee68d221e",
                "sha256:79855e1c5b8da654cf486b830bd42c06e8780cea587384cf6545b7d9ac013a0b",
                "sha256:7c1699dfe0cf8ff607dbdcc1e9b9af1755371f92a68f706051cc8c37d447c905",
                "sha256:88e5fcfb52ee7b911e8bb6d6aa2fd21fbecc674eadd44118a9cc3863f938e735",
                "sha256:8defac2f2ccd6805ebf65f5eeb132adcf2ab57aa11fdf4c0dd5169a004710e7d",
                "sha256:98c7086708b163d425c67c7a91bad6e466bb99d797aa64f965e9d25c12111a5e",
                "sha256:9add70b36c5666a2ed02b43b335fe19002ee5235efd4b8a89bfcf9005bebac0d",
                "sha256:9bf40443012702a1d2070043cb6291650a0841ece432556f784f004937f0f32c",
                "sha256:ade5e387d2ad0d7ebf59146cc00c8044acbd863725f887353a10df825fc8ae21",
                "sha256:b00c1de48212e4cc9603895652c5c410df699856a2853135b3967591e4beebc2",
                "sha256:b1282f8c00509d99fef04d8ba936b156d419be841854fe901d8ae224c59f0be5",
                "sha256:b2051432115498d3562c084a49bba65d97cf251f5a331c64a12ee7e04dacc51b",
                "sha256:ba59edeaa2fc6114428f1637ffff42da1e311e29382d81b339c1817d37ec93c6",
                "sha256:c8716a48d94b06bb3b2524c2b77e055fb313aeb4ea620c8dd03a105574ba704f",
                "sha256:cd5df75523866410809ca100dc9681e301e3c27567cf498077e8551b6d20e42f",
                "sha256:e249096428b3ae81b08327a63a485ad0878de3fb939049038579ac0ef61e17e7"
            ],
            "version": "==1.1.1"
        },
        "nbformat": {
            "hashes": [
                "sha256:b9a0dbdbd45bb034f4f8893cafd6f652ea08c8c1674ba83f2dc55d3955743b0b",
                "sha256:f7494ef0df60766b7cabe0a3651556345a963b74dbc16bc7c18479041170d402"
            ],
            "version": "==4.4.0"
        },
        "numpy": {
            "hashes": [
                "sha256:0778076e764e146d3078b17c24c4d89e0ecd4ac5401beff8e1c87879043a0633",
                "sha256:141c7102f20abe6cf0d54c4ced8d565b86df4d3077ba2343b61a6db996cefec7",
                "sha256:14270a1ee8917d11e7753fb54fc7ffd1934f4d529235beec0b275e2ccf00333b",
                "sha256:27e11c7a8ec9d5838bc59f809bfa86efc8a4fd02e58960fa9c49d998e14332d5",
                "sha256:2a04dda79606f3d2f760384c38ccd3d5b9bb79d4c8126b67aff5eb09a253763e",
                "sha256:3c26010c1b51e1224a3ca6b8df807de6e95128b0908c7e34f190e7775455b0ca",
                "sha256:52c40f1a4262c896420c6ea1c6fda62cf67070e3947e3307f5562bd783a90336",
                "sha256:6e4f8d9e8aa79321657079b9ac03f3cf3fd067bf31c1cca4f56d49543f4356a5",
                "sha256:7242be12a58fec245ee9734e625964b97cf7e3f2f7d016603f9e56660ce479c7",
                "sha256:7dc253b542bfd4b4eb88d9dbae4ca079e7bf2e2afd819ee18891a43db66c60c7",
                "sha256:94f5bd885f67bbb25c82d80184abbf7ce4f6c3c3a41fbaa4182f034bba803e69",
                "sha256:a89e188daa119ffa0d03ce5123dee3f8ffd5115c896c2a9d4f0dbb3d8b95bfa3",
                "sha256:ad3399da9b0ca36e2f24de72f67ab2854a62e623274607e37e0ce5f5d5fa9166",
                "sha256:b0348be89275fd1d4c44ffa39530c41a21062f52299b1e3ee7d1c61f060044b8",
                "sha256:b5554368e4ede1856121b0dfa35ce71768102e4aa55e526cb8de7f374ff78722",
                "sha256:cbddc56b2502d3f87fda4f98d948eb5b11f36ff3902e17cb6cc44727f2200525",
                "sha256:d79f18f41751725c56eceab2a886f021d70fd70a6188fd386e29a045945ffc10",
                "sha256:dc2ca26a19ab32dc475dbad9dfe723d3a64c835f4c23f625c2b6566ca32b9f29",
                "sha256:dd9bcd4f294eb0633bb33d1a74febdd2b9018b8b8ed325f861fffcd2c7660bb8",
                "sha256:e8baab1bc7c9152715844f1faca6744f2416929de10d7639ed49555a85549f52",
                "sha256:ec31fe12668af687b99acf1567399632a7c47b0e17cfb9ae47c098644ef36797",
                "sha256:f12b4f7e2d8f9da3141564e6737d79016fe5336cc92de6814eba579744f65b0a",
                "sha256:f58ac38d5ca045a377b3b377c84df8175ab992c970a53332fa8ac2373df44ff7"
            ],
            "index": "pypi",
            "version": "==1.16.4"
        },
        "plotly": {
            "hashes": [
                "sha256:5dcb33f5c9a00e1d68ac567340b58e90c07ba93767ad3e360dd6aa11cf568a98",
                "sha256:ab51c41f3212c5b50238abc1be070cdf79dea60a127216e7c2f1829d14113b49"
            ],
            "index": "pypi",
            "version": "==3.10.0"
        },
        "protobuf": {
            "hashes": [
                "sha256:03f43eac9d5b651f976e91cf46a25b75e5779d98f0f4114b0abfed83376d75f8",
                "sha256:0c94b21e6de01362f91a86b372555d22a60b59708599ca9d5032ae9fdf8e3538",
                "sha256:2d2a9f30f61f4063fadd7fb68a2510a6939b43c0d6ceeec5c4704f22225da28e",
                "sha256:34a0b05fca061e4abb77dd180209f68d8637115ff319f51e28a6a9382d69853a",
                "sha256:358710fd0db25372edcf1150fa691f48376a134a6c69ce29f38f185eea7699e6",
                "sha256:41e47198b94c27ba05a08b4a95160656105745c462af574e4bcb0807164065c0",
                "sha256:8c61cc8a76e9d381c665aecc5105fa0f1878cf7db8b5cd17202603bcb386d0fc",
                "sha256:a6eebc4db759e58fdac02efcd3028b811effac881d8a5bad1996e4e8ee6acb47",
                "sha256:a9c12f7c98093da0a46ba76ec40ace725daa1ac4038c41e4b1466afb5c45bb01",
                "sha256:cb95068492ba0859b8c9e61fa8ba206a83c64e5d0916fb4543700b2e2b214115",
                "sha256:cd98476ce7bb4dcd6a7b101f5eecdc073dafea19f311e36eb8fba1a349346277",
                "sha256:ce64cfbea18c535176bdaa10ba740c0fc4c6d998a3f511c17bedb0ae4b3b167c",
                "sha256:dcbb59eac73fd454e8f2c5fba9e3d3320fd4707ed6a9d3ea3717924a6f0903ea",
                "sha256:dd67f34458ae716029e2a71ede998e9092493b62a519236ca52e3c5202096c87",
                "sha256:e3c96056eb5b7284a20e256cb0bf783c8f36ad82a4ae5434a7b7cd02384144a7",
                "sha256:f612d584d7a27e2f39e7b17878430a959c1bc09a74ba09db096b468558e5e126",
                "sha256:f6de8a7d6122297b81566e5bd4df37fd5d62bec14f8f90ebff8ede1c9726cd0a",
                "sha256:fa529d9261682b24c2aaa683667253175c9acebe0a31105394b221090da75832"
            ],
            "version": "==3.8.0"
        },
        "psycopg2": {
            "hashes": [
                "sha256:00cfecb3f3db6eb76dcc763e71777da56d12b6d61db6a2c6ccbbb0bff5421f8f",
                "sha256:076501fc24ae13b2609ba2303d88d4db79072562f0b8cc87ec1667dedff99dc1",
                "sha256:4e2b34e4c0ddfeddf770d7df93e269700b080a4d2ec514fec668d71895f56782",
                "sha256:5cacf21b6f813c239f100ef78a4132056f93a5940219ec25d2ef833cbeb05588",
                "sha256:61f58e9ecb9e4dc7e30be56b562f8fc10ae3addcfcef51b588eed10a5a66100d",
                "sha256:8954ff6e47247bdd134db602fcadfc21662835bd92ce0760f3842eacfeb6e0f3",
                "sha256:b6e8c854cdc623028e558a409b06ea2f16d13438335941c7765d0a42b5bedd33",
                "sha256:baca21c0f7344576346e260454d0007313ccca8c170684707a63946b27a56c8f",
                "sha256:bb1735378770fb95dbe392d29e71405d45c8bdcfa064f916504833a92ab03c55",
                "sha256:de3d3c46c1ee18f996db42d1eb44cf1565cc9e38fb1dbd9b773ff6b3fa8035d7",
                "sha256:dee885602bb200bdcb1d30f6da6c7bb207360bc786d0a364fe1540dd14af0bab"
            ],
            "index": "pypi",
            "version": "==2.8.2"
        },
        "pyasn1": {
            "hashes": [
                "sha256:da2420fe13a9452d8ae97a0e478adde1dee153b11ba832a95b223a2ba01c10f7",
                "sha256:da6b43a8c9ae93bc80e2739efb38cc776ba74a886e3e9318d65fe81a8b8a2c6e"
            ],
            "version": "==0.4.5"
        },
        "pyasn1-modules": {
            "hashes": [
                "sha256:ef721f68f7951fab9b0404d42590f479e30d9005daccb1699b0a51bb4177db96",
                "sha256:f309b6c94724aeaf7ca583feb1cc70430e10d7551de5e36edfc1ae6909bcfb3c"
            ],
            "version": "==0.2.5"
        },
        "pyrsistent": {
            "hashes": [
                "sha256:16692ee739d42cf5e39cef8d27649a8c1fdb7aa99887098f1460057c5eb75c3a"
            ],
            "version": "==0.15.2"
        },
        "python-dateutil": {
            "hashes": [
                "sha256:7e6584c74aeed623791615e26efd690f29817a27c73085b78e4bad02493df2fb",
                "sha256:c89805f6f4d64db21ed966fda138f8a5ed7a4fdbc1a8ee329ce1b74e3c74da9e"
            ],
            "version": "==2.8.0"
        },
        "pytz": {
            "hashes": [
                "sha256:303879e36b721603cc54604edcac9d20401bdbe31e1e4fdee5b9f98d5d31dfda",
                "sha256:d747dd3d23d77ef44c6a3526e274af6efeb0a6f1afd5a69ba4d5be4098c8e141"
            ],
            "version": "==2019.1"
        },
        "requests": {
            "hashes": [
                "sha256:11e007a8a2aa0323f5a921e9e6a2d7e4e67d9877e85773fba9ba6419025cbeb4",
                "sha256:9cf5292fcd0f598c671cfc1e0d7d1a7f13bb8085e9a590f48c010551dc6c4b31"
            ],
            "version": "==2.22.0"
        },
        "retrying": {
            "hashes": [
                "sha256:08c039560a6da2fe4f2c426d0766e284d3b736e355f8dd24b37367b0bb41973b"
            ],
            "version": "==1.3.3"
        },
        "rsa": {
            "hashes": [
                "sha256:14ba45700ff1ec9eeb206a2ce76b32814958a98e372006c8fb76ba820211be66",
                "sha256:1a836406405730121ae9823e19c6e806c62bbad73f890574fff50efa4122c487"
            ],
            "version": "==4.0"
        },
        "six": {
            "hashes": [
                "sha256:3350809f0555b11f552448330d0b52d5f24c91a322ea4a15ef22629740f3761c",
                "sha256:d16a0141ec1a18405cd4ce8b4613101da75da0e9a7aec5bdd4fa804d0e0eba73"
            ],
            "version": "==1.12.0"
        },
        "sqlparse": {
            "hashes": [
                "sha256:40afe6b8d4b1117e7dff5504d7a8ce07d9a1b15aeeade8a2d10f130a834f8177",
                "sha256:7c3dca29c022744e95b547e867cee89f4fce4373f3549ccd8797d8eb52cdb873"
            ],
            "version": "==0.3.0"
        },
        "traitlets": {
            "hashes": [
                "sha256:9c4bd2d267b7153df9152698efb1050a5d84982d3384a37b2c1f7723ba3e7835",
                "sha256:c6cb5e6f57c5a9bdaa40fa71ce7b4af30298fbab9ece9815b5d995ab6217c7d9"
            ],
            "version": "==4.3.2"
        },
        "urllib3": {
            "hashes": [
                "sha256:b246607a25ac80bedac05c6f282e3cdaf3afb65420fd024ac94435cabe6e18d1",
                "sha256:dbe59173209418ae49d485b87d1681aefa36252ee85884c31346debd19463232"
            ],
            "version": "==1.25.3"
        },
        "werkzeug": {
            "hashes": [
                "sha256:865856ebb55c4dcd0630cdd8f3331a1847a819dda7e8c750d3db6f2aa6c0209c",
                "sha256:a0b915f0815982fb2a09161cb8f31708052d0951c3ba433ccc5e1aa276507ca6"
            ],
            "version": "==0.15.4"
        },
        "wheel": {
            "hashes": [
                "sha256:5e79117472686ac0c4aef5bad5172ea73a1c2d1646b808c35926bd26bdfb0c08",
                "sha256:62fcfa03d45b5b722539ccbc07b190e4bfff4bb9e3a4d470dd9f6a0981002565"
            ],
            "index": "pypi",
            "version": "==0.33.4"
        }
    },
    "develop": {}
}
